PODS:
  - Capacitor (7.4.4):
    - CapacitorCordova
  - CapacitorCordova (7.4.4)
  - CapacitorKeyboard (7.0.4):
    - Capacitor
  - CapacitorPushNotifications (7.0.4):
    - Capacitor
  - CapacitorSplashScreen (7.0.3):
    - Capacitor
  - CapacitorStatusBar (7.0.3):
    - Capacitor
  - PurchasesHybridCommon (17.23.0):
    - RevenueCat (= 5.50.0)
  - RevenueCat (5.50.0)
  - RevenuecatPurchasesCapacitor (11.3.0):
    - Capacitor
    - PurchasesHybridCommon (= 17.23.0)
  - Sentry/HybridSDK (8.48.0)
  - SentryCapacitor (1.5.0):
    - Capacitor
    - Sentry/HybridSDK (= 8.48.0)

DEPENDENCIES:
  - "Capacitor (from `../../node_modules/@capacitor/ios`)"
  - "CapacitorCordova (from `../../node_modules/@capacitor/ios`)"
  - "CapacitorKeyboard (from `../../node_modules/@capacitor/keyboard`)"
  - "CapacitorPushNotifications (from `../../node_modules/@capacitor/push-notifications`)"
  - "CapacitorSplashScreen (from `../../node_modules/@capacitor/splash-screen`)"
  - "CapacitorStatusBar (from `../../node_modules/@capacitor/status-bar`)"
  - "RevenuecatPurchasesCapacitor (from `../../node_modules/@revenuecat/purchases-capacitor`)"
  - "SentryCapacitor (from `../../node_modules/@sentry/capacitor`)"

SPEC REPOS:
  trunk:
    - PurchasesHybridCommon
    - RevenueCat
    - Sentry

EXTERNAL SOURCES:
  Capacitor:
    :path: "../../node_modules/@capacitor/ios"
  CapacitorCordova:
    :path: "../../node_modules/@capacitor/ios"
  CapacitorKeyboard:
    :path: "../../node_modules/@capacitor/keyboard"
  CapacitorPushNotifications:
    :path: "../../node_modules/@capacitor/push-notifications"
  CapacitorSplashScreen:
    :path: "../../node_modules/@capacitor/splash-screen"
  CapacitorStatusBar:
    :path: "../../node_modules/@capacitor/status-bar"
  RevenuecatPurchasesCapacitor:
    :path: "../../node_modules/@revenuecat/purchases-capacitor"
  SentryCapacitor:
    :path: "../../node_modules/@sentry/capacitor"

SPEC CHECKSUMS:
  Capacitor: 358dd1c3fdd71d969547b17e159fd8a7736cb45f
  CapacitorCordova: bf648a636f3c153f652d312ae145fb508b6ffced
  CapacitorKeyboard: 5660c760113bfa48962817a785879373cf5339c3
  CapacitorPushNotifications: 7604512af53bbfdf1dd8fb2256b9ef1e8a69cdc2
  CapacitorSplashScreen: e388b8e0ed0e982a9d3a40417f478e7a018a8763
  CapacitorStatusBar: 0659ddc7b1713764a05831463d215b177a15d054
  PurchasesHybridCommon: e95a0b9bb01f6e9101d44f411343fb91030e26ae
  RevenueCat: a5fcd0a12b5ec9bbddc0cf0dd20c14b7e6213df6
  RevenuecatPurchasesCapacitor: 4fa710eec90225a84056f13b734093ccf35cd18c
  Sentry: 1ca8405451040482877dcd344dfa3ef80b646631
  SentryCapacitor: 74486dd0026038ff026bdd8a84c63ff7fa16390c

PODFILE CHECKSUM: f02caa7dddf942418c39ccd5373d094dc30b918e

COCOAPODS: 1.16.2
